
Microsoft Visual Studio Solution File, Format Version 12.00
# Visual Studio 14
VisualStudioVersion = 14.0.23107.0
MinimumVisualStudioVersion = 10.0.40219.1
Project("{FAE04EC0-301F-11D3-BF4B-00C04F79EFBC}") = "Melog", "Melog\Melog.csproj", "{B6818A0A-64B0-49FD-A33D-105CAB80AE39}"
EndProject
Project("{FAE04EC0-301F-11D3-BF4B-00C04F79EFBC}") = "Melog.Tests", "Melog.Tests\Melog.Tests.csproj", "{30EC5A1E-BFCB-4ED5-B5B8-85B8DC491D90}"
EndProject
Global
	GlobalSection(SolutionConfigurationPlatforms) = preSolution
		Debug|Any CPU = Debug|Any CPU
		Release|Any CPU = Release|Any CPU
	EndGlobalSection
	GlobalSection(ProjectConfigurationPlatforms) = postSolution
		{B6818A0A-64B0-49FD-A33D-105CAB80AE39}.Debug|Any CPU.ActiveCfg = Debug|Any CPU
		{B6818A0A-64B0-49FD-A33D-105CAB80AE39}.Debug|Any CPU.Build.0 = Debug|Any CPU
		{B6818A0A-64B0-49FD-A33D-105CAB80AE39}.Release|Any CPU.ActiveCfg = Release|Any CPU
		{B6818A0A-64B0-49FD-A33D-105CAB80AE39}.Release|Any CPU.Build.0 = Release|Any CPU
		{30EC5A1E-BFCB-4ED5-B5B8-85B8DC491D90}.Debug|Any CPU.ActiveCfg = Debug|Any CPU
		{30EC5A1E-BFCB-4ED5-B5B8-85B8DC491D90}.Debug|Any CPU.Build.0 = Debug|Any CPU
		{30EC5A1E-BFCB-4ED5-B5B8-85B8DC491D90}.Release|Any CPU.ActiveCfg = Release|Any CPU
		{30EC5A1E-BFCB-4ED5-B5B8-85B8DC491D90}.Release|Any CPU.Build.0 = Release|Any CPU
	EndGlobalSection
	GlobalSection(SolutionProperties) = preSolution
		HideSolutionNode = FALSE
	EndGlobalSection
EndGlobal
